
Microsoft Visual Studio Solution File, Format Version 12.00
# Visual Studio Version 16
VisualStudioVersion = 16.0.30114.105
MinimumVisualStudioVersion = 10.0.40219.1
Project("{9A19103F-16F7-4668-BE54-9A1E7A4F7556}") = "DeepEquals", "DeepEquals\DeepEquals.csproj", "{298EA137-9781-407C-ADF7-F4A83D84964E}"
EndProject
Project("{9A19103F-16F7-4668-BE54-9A1E7A4F7556}") = "DeepEquals.UnitTests", "DeepEquals.UnitTests\DeepEquals.UnitTests.csproj", "{C039490F-5B7B-4148-AB42-4DD1C438B3C2}"
EndProject
Project("{FAE04EC0-301F-11D3-BF4B-00C04F79EFBC}") = "DeepEquals.Benchmark", "DeepEquals.Benchmark\DeepEquals.Benchmark.csproj", "{B163F96D-23BD-42B2-BAF2-2B88AF6525E4}"
EndProject
Global
	GlobalSection(SolutionConfigurationPlatforms) = preSolution
		Debug|Any CPU = Debug|Any CPU
		Release|Any CPU = Release|Any CPU
	EndGlobalSection
	GlobalSection(ProjectConfigurationPlatforms) = postSolution
		{298EA137-9781-407C-ADF7-F4A83D84964E}.Debug|Any CPU.ActiveCfg = Debug|Any CPU
		{298EA137-9781-407C-ADF7-F4A83D84964E}.Debug|Any CPU.Build.0 = Debug|Any CPU
		{298EA137-9781-407C-ADF7-F4A83D84964E}.Release|Any CPU.ActiveCfg = Release|Any CPU
		{298EA137-9781-407C-ADF7-F4A83D84964E}.Release|Any CPU.Build.0 = Release|Any CPU
		{C039490F-5B7B-4148-AB42-4DD1C438B3C2}.Debug|Any CPU.ActiveCfg = Debug|Any CPU
		{C039490F-5B7B-4148-AB42-4DD1C438B3C2}.Debug|Any CPU.Build.0 = Debug|Any CPU
		{C039490F-5B7B-4148-AB42-4DD1C438B3C2}.Release|Any CPU.ActiveCfg = Release|Any CPU
		{C039490F-5B7B-4148-AB42-4DD1C438B3C2}.Release|Any CPU.Build.0 = Release|Any CPU
		{B163F96D-23BD-42B2-BAF2-2B88AF6525E4}.Debug|Any CPU.ActiveCfg = Debug|Any CPU
		{B163F96D-23BD-42B2-BAF2-2B88AF6525E4}.Debug|Any CPU.Build.0 = Debug|Any CPU
		{B163F96D-23BD-42B2-BAF2-2B88AF6525E4}.Release|Any CPU.ActiveCfg = Release|Any CPU
		{B163F96D-23BD-42B2-BAF2-2B88AF6525E4}.Release|Any CPU.Build.0 = Release|Any CPU
	EndGlobalSection
	GlobalSection(SolutionProperties) = preSolution
		HideSolutionNode = FALSE
	EndGlobalSection
	GlobalSection(ExtensibilityGlobals) = postSolution
		SolutionGuid = {BA2DD0F4-C479-463E-8C69-017C3BD4B816}
	EndGlobalSection
EndGlobal
